
Microsoft Visual Studio Solution File, Format Version 12.00
# Visual Studio Version 17
VisualStudioVersion = 17.9.34622.214
MinimumVisualStudioVersion = 10.0.40219.1
Project("{FAE04EC0-301F-11D3-BF4B-00C04F79EFBC}") = "tovari", "tovari\tovari.csproj", "{F83966CA-34C2-4A38-8B73-A1017EC18ADA}"
EndProject
Global
	GlobalSection(SolutionConfigurationPlatforms) = preSolution
		Debug|Any CPU = Debug|Any CPU
		Release|Any CPU = Release|Any CPU
	EndGlobalSection
	GlobalSection(ProjectConfigurationPlatforms) = postSolution
		{F83966CA-34C2-4A38-8B73-A1017EC18ADA}.Debug|Any CPU.ActiveCfg = Debug|Any CPU
		{F83966CA-34C2-4A38-8B73-A1017EC18ADA}.Debug|Any CPU.Build.0 = Debug|Any CPU
		{F83966CA-34C2-4A38-8B73-A1017EC18ADA}.Release|Any CPU.ActiveCfg = Release|Any CPU
		{F83966CA-34C2-4A38-8B73-A1017EC18ADA}.Release|Any CPU.Build.0 = Release|Any CPU
	EndGlobalSection
	GlobalSection(SolutionProperties) = preSolution
		HideSolutionNode = FALSE
	EndGlobalSection
	GlobalSection(ExtensibilityGlobals) = postSolution
		SolutionGuid = {C04B7993-53A1-4859-BAAB-D38D7ADC185E}
	EndGlobalSection
EndGlobal
